
Microsoft Visual Studio Solution File, Format Version 12.00
# Visual Studio 14
VisualStudioVersion = 14.0.25123.0
MinimumVisualStudioVersion = 10.0.40219.1
Project("{FAE04EC0-301F-11D3-BF4B-00C04F79EFBC}") = "ParseFinancialData", "ParseFinancialData\ParseFinancialData.csproj", "{9206D59F-80FF-41A3-A075-7577ADFDE289}"
EndProject
Global
	GlobalSection(SolutionConfigurationPlatforms) = preSolution
		Debug|Any CPU = Debug|Any CPU
		Release|Any CPU = Release|Any CPU
	EndGlobalSection
	GlobalSection(ProjectConfigurationPlatforms) = postSolution
		{9206D59F-80FF-41A3-A075-7577ADFDE289}.Debug|Any CPU.ActiveCfg = Debug|Any CPU
		{9206D59F-80FF-41A3-A075-7577ADFDE289}.Debug|Any CPU.Build.0 = Debug|Any CPU
		{9206D59F-80FF-41A3-A075-7577ADFDE289}.Release|Any CPU.ActiveCfg = Release|Any CPU
		{9206D59F-80FF-41A3-A075-7577ADFDE289}.Release|Any CPU.Build.0 = Release|Any CPU
	EndGlobalSection
	GlobalSection(SolutionProperties) = preSolution
		HideSolutionNode = FALSE
	EndGlobalSection
EndGlobal
